
Microsoft Visual Studio Solution File, Format Version 12.00
# Visual Studio 15
VisualStudioVersion = 15.0.27004.2008
MinimumVisualStudioVersion = 10.0.40219.1
Project("{FAE04EC0-301F-11D3-BF4B-00C04F79EFBC}") = "AmazonTest", "AmazonTest\AmazonTest.csproj", "{3C8354FF-509E-4A25-AD81-85EA21262166}"
EndProject
Global
	GlobalSection(SolutionConfigurationPlatforms) = preSolution
		Debug|Any CPU = Debug|Any CPU
		Release|Any CPU = Release|Any CPU
	EndGlobalSection
	GlobalSection(ProjectConfigurationPlatforms) = postSolution
		{3C8354FF-509E-4A25-AD81-85EA21262166}.Debug|Any CPU.ActiveCfg = Debug|Any CPU
		{3C8354FF-509E-4A25-AD81-85EA21262166}.Debug|Any CPU.Build.0 = Debug|Any CPU
		{3C8354FF-509E-4A25-AD81-85EA21262166}.Release|Any CPU.ActiveCfg = Release|Any CPU
		{3C8354FF-509E-4A25-AD81-85EA21262166}.Release|Any CPU.Build.0 = Release|Any CPU
	EndGlobalSection
	GlobalSection(SolutionProperties) = preSolution
		HideSolutionNode = FALSE
	EndGlobalSection
	GlobalSection(ExtensibilityGlobals) = postSolution
		SolutionGuid = {B9AD0339-BBF0-4B8B-900F-1FCADDC585B1}
	EndGlobalSection
EndGlobal
