
Microsoft Visual Studio Solution File, Format Version 12.00
# Visual Studio 15
VisualStudioVersion = 15.0.27004.2008
MinimumVisualStudioVersion = 10.0.40219.1
Project("{FAE04EC0-301F-11D3-BF4B-00C04F79EFBC}") = "ConsoleApp4", "ConsoleApp4\ConsoleApp4.csproj", "{FC0AAFFF-36FC-4DF1-9702-8F4C41CF0DA8}"
EndProject
Global
	GlobalSection(SolutionConfigurationPlatforms) = preSolution
		Debug|Any CPU = Debug|Any CPU
		Release|Any CPU = Release|Any CPU
	EndGlobalSection
	GlobalSection(ProjectConfigurationPlatforms) = postSolution
		{FC0AAFFF-36FC-4DF1-9702-8F4C41CF0DA8}.Debug|Any CPU.ActiveCfg = Debug|Any CPU
		{FC0AAFFF-36FC-4DF1-9702-8F4C41CF0DA8}.Debug|Any CPU.Build.0 = Debug|Any CPU
		{FC0AAFFF-36FC-4DF1-9702-8F4C41CF0DA8}.Release|Any CPU.ActiveCfg = Release|Any CPU
		{FC0AAFFF-36FC-4DF1-9702-8F4C41CF0DA8}.Release|Any CPU.Build.0 = Release|Any CPU
	EndGlobalSection
	GlobalSection(SolutionProperties) = preSolution
		HideSolutionNode = FALSE
	EndGlobalSection
	GlobalSection(ExtensibilityGlobals) = postSolution
		SolutionGuid = {CCBD1157-6D6B-4971-BE26-A90954E698C2}
	EndGlobalSection
EndGlobal
