
Microsoft Visual Studio Solution File, Format Version 12.00
# Visual Studio 15
VisualStudioVersion = 15.0.27004.2008
MinimumVisualStudioVersion = 10.0.40219.1
Project("{9092AA53-FB77-4645-B42D-1CCCA6BD08BD}") = "NodejsConsoleApp1", "NodejsConsoleApp1\NodejsConsoleApp1.njsproj", "{1C837199-C753-4890-A52A-53F1DD6F7B6B}"
EndProject
Global
	GlobalSection(SolutionConfigurationPlatforms) = preSolution
		Debug|Any CPU = Debug|Any CPU
		Release|Any CPU = Release|Any CPU
	EndGlobalSection
	GlobalSection(ProjectConfigurationPlatforms) = postSolution
		{1C837199-C753-4890-A52A-53F1DD6F7B6B}.Debug|Any CPU.ActiveCfg = Debug|Any CPU
		{1C837199-C753-4890-A52A-53F1DD6F7B6B}.Debug|Any CPU.Build.0 = Debug|Any CPU
		{1C837199-C753-4890-A52A-53F1DD6F7B6B}.Release|Any CPU.ActiveCfg = Release|Any CPU
		{1C837199-C753-4890-A52A-53F1DD6F7B6B}.Release|Any CPU.Build.0 = Release|Any CPU
	EndGlobalSection
	GlobalSection(SolutionProperties) = preSolution
		HideSolutionNode = FALSE
	EndGlobalSection
	GlobalSection(ExtensibilityGlobals) = postSolution
		SolutionGuid = {C8A3691A-2CF4-4D91-8584-0708433F61EE}
	EndGlobalSection
EndGlobal
